{
  "nodes": {
    "flake-parts": {
      "inputs": {
        "nixpkgs-lib": [
          "nur",
          "nixpkgs"
        ]
      },
      "locked": {
        "lastModified": 1733312601,
        "narHash": "sha256-4pDvzqnegAfRkPwO3wmwBhVi/Sye1mzps0zHWYnP88c=",
        "owner": "hercules-ci",
        "repo": "flake-parts",
        "rev": "205b12d8b7cd4802fbcb8e8ef6a0f1408781a4f9",
        "type": "github"
      },
      "original": {
        "owner": "hercules-ci",
        "repo": "flake-parts",
        "type": "github"
      }
    },
    "home-manager": {
      "inputs": {
        "nixpkgs": [
          "nixpkgs"
        ]
      },
      "locked": {
        "lastModified": 1777383340,
        "narHash": "sha256-hr0r50h+w3RktVoH39i/xDiJ96r59tH85KoFjkJpw9k=",
        "owner": "nix-community",
        "repo": "home-manager",
        "rev": "dd6a8772d4faa9627fd342342c77b0afca59eba3",
        "type": "github"
      },
      "original": {
        "owner": "nix-community",
        "repo": "home-manager",
        "type": "github"
      }
    },
    "libnbtplusplus": {
      "flake": false,
      "locked": {
        "lastModified": 1772016279,
        "narHash": "sha256-7itkptyjoRcXfGLwg1/jxajetZ3a4mDc66+w4X6yW8s=",
        "owner": "PrismLauncher",
        "repo": "libnbtplusplus",
        "rev": "687e43031df0dc641984b4256bcca50d5b3f7de3",
        "type": "github"
      },
      "original": {
        "owner": "PrismLauncher",
        "repo": "libnbtplusplus",
        "type": "github"
      }
    },
    "nixpkgs": {
      "locked": {
        "lastModified": 1776877367,
        "narHash": "sha256-EHq1/OX139R1RvBzOJ0aMRT3xnWyqtHBRUBuO1gFzjI=",
        "owner": "nixos",
        "repo": "nixpkgs",
        "rev": "0726a0ecb6d4e08f6adced58726b95db924cef57",
        "type": "github"
      },
      "original": {
        "owner": "nixos",
        "ref": "nixos-unstable",
        "repo": "nixpkgs",
        "type": "github"
      }
    },
    "nur": {
      "inputs": {
        "flake-parts": "flake-parts",
        "nixpkgs": [
          "nixpkgs"
        ]
      },
      "locked": {
        "lastModified": 1777380651,
        "narHash": "sha256-T6wddWwZDvBebzRHNp2jE/+Zx0uQP/8ylWR9FmFjxb8=",
        "owner": "nix-community",
        "repo": "NUR",
        "rev": "6bac2b3eb6dbf0c9ae270db3390216ddec2df0a5",
        "type": "github"
      },
      "original": {
        "owner": "nix-community",
        "repo": "NUR",
        "type": "github"
      }
    },
    "prismlauncher": {
      "inputs": {
        "libnbtplusplus": "libnbtplusplus",
        "nixpkgs": [
          "nixpkgs"
        ]
      },
      "locked": {
        "lastModified": 1776795718,
        "narHash": "sha256-YrqHeE9ZEnmxJiXE+IBAxbmNRFPE7mn9KbxZ3Mpu388=",
        "owner": "Diegiwg",
        "repo": "PrismLauncher-Cracked",
        "rev": "0c20d448a3c89cbff85ef5dc7420bf60dc1e65ff",
        "type": "github"
      },
      "original": {
        "owner": "Diegiwg",
        "repo": "PrismLauncher-Cracked",
        "type": "github"
      }
    },
    "root": {
      "inputs": {
        "home-manager": "home-manager",
        "nixpkgs": "nixpkgs",
        "nur": "nur",
        "prismlauncher": "prismlauncher"
      }
    }
  },
  "root": "root",
  "version": 7
}
